{
    "hash": "836b6e1e1560fa7d98a1d5606defa7d2",
    "packages": [
        {
            "package": "IcecaveStudios/isolator",
            "version": "1.0.0"
        }
    ],
    "packages-dev": [
        {
            "package": "phake/phake",
            "version": "dev-master",
            "source-reference": "4d822246b401f4dc609500d47e42dac8df645f4f",
            "commit-date": "1337008011"
        }
    ],
    "aliases": [

    ],
    "minimum-stability": "stable",
    "stability-flags": {
        "phake/phake": 20
    }
}
