{
    "hash": "a131c9be5a7785fb1f99231472e7c6be",
    "packages": [
        {
            "package": "IcecaveStudios/isolator",
            "version": "1.0.0"
        }
    ],
    "packages-dev": [
        {
            "package": "phake/phake",
            "version": "1.0.2"
        }
    ],
    "aliases": [

    ],
    "minimum-stability": "stable",
    "stability-flags": [

    ]
}
