{
    "hash": "5096160214f6b82f1eeb0fab5d5192b7",
    "packages": [
        {
            "package": "icecave/isolator",
            "version": "2.0.0"
        }
    ],
    "packages-dev": [
        {
            "package": "phake/phake",
            "version": "v1.0.3"
        }
    ],
    "aliases": [

    ],
    "minimum-stability": "stable",
    "stability-flags": [

    ]
}
